# This file is automatically @generated by Poetry 2.0.1 and should not be changed by hand.

[[package]]
name = "cleanupd"
version = "0.9.0.2"
description = "A package providing additional object cleanup functionality."
optional = false
python-versions = "*"
groups = ["main"]
files = [
    {file = "cleanupd-0.9.0.2.tar.gz", hash = "sha256:313126aa3976a8d6101289f212bd733b67b4acd3913ddd5b02288de378ee3b90"},
]

[[package]]
name = "executed"
version = "0.9.0.2"
description = "A package providing a process execution facility on top of the POSIX fork/exec model."
optional = false
python-versions = "*"
groups = ["main"]
files = [
    {file = "executed-0.9.0.2.tar.gz", hash = "sha256:02695e21aa9c2c3afa2ca0ce909e8ea0cc15dca6732a70562f659ec1ad25d1e4"},
]

[package.dependencies]
cleanupd = "*"

[metadata]
lock-version = "2.1"
python-versions = ">=3.13"
content-hash = "1c246e3ee03c2f6b7a06bc4da982b3be6eedc504dd2ae1b85f21035ceac7882a"
